// !$*UTF8*$!
{
	archiveVersion = 1;
	classes = {
	};
	objectVersion = 56;
	objects = {

/* Begin PBXBuildFile section */
		F52F31EF29BB3D4200D202A7 /* HIITFitApp.swift in Sources */ = {isa = PBXBuildFile; fileRef = F52F31EE29BB3D4200D202A7 /* HIITFitApp.swift */; };
		F52F31F129BB3D4200D202A7 /* ContentView.swift in Sources */ = {isa = PBXBuildFile; fileRef = F52F31F029BB3D4200D202A7 /* ContentView.swift */; };
		F52F31F329BB3D4300D202A7 /* Assets.xcassets in Resources */ = {isa = PBXBuildFile; fileRef = F52F31F229BB3D4300D202A7 /* Assets.xcassets */; };
		F52F31F629BB3D4300D202A7 /* Preview Assets.xcassets in Resources */ = {isa = PBXBuildFile; fileRef = F52F31F529BB3D4300D202A7 /* Preview Assets.xcassets */; };
		F52F31FD29BC265C00D202A7 /* WelcomeView.swift in Sources */ = {isa = PBXBuildFile; fileRef = F52F31FC29BC265C00D202A7 /* WelcomeView.swift */; };
		F52F31FF29BC267300D202A7 /* ExerciseView.swift in Sources */ = {isa = PBXBuildFile; fileRef = F52F31FE29BC267300D202A7 /* ExerciseView.swift */; };
		F52F320129BC26A800D202A7 /* DateExtension.swift in Sources */ = {isa = PBXBuildFile; fileRef = F52F320029BC26A800D202A7 /* DateExtension.swift */; };
		F52F320329BC26B700D202A7 /* ImageExtension.swift in Sources */ = {isa = PBXBuildFile; fileRef = F52F320229BC26B700D202A7 /* ImageExtension.swift */; };
		F52F320A29BC284900D202A7 /* sun-salute.mp4 in Resources */ = {isa = PBXBuildFile; fileRef = F52F320629BC284800D202A7 /* sun-salute.mp4 */; };
		F52F320B29BC284900D202A7 /* squat.mp4 in Resources */ = {isa = PBXBuildFile; fileRef = F52F320729BC284800D202A7 /* squat.mp4 */; };
		F52F320C29BC284900D202A7 /* step-up.mp4 in Resources */ = {isa = PBXBuildFile; fileRef = F52F320829BC284800D202A7 /* step-up.mp4 */; };
		F52F320D29BC284900D202A7 /* burpee.mp4 in Resources */ = {isa = PBXBuildFile; fileRef = F52F320929BC284900D202A7 /* burpee.mp4 */; };
		F52F320F29BC363800D202A7 /* HeaderView.swift in Sources */ = {isa = PBXBuildFile; fileRef = F52F320E29BC363800D202A7 /* HeaderView.swift */; };
		F52F321129BC46A400D202A7 /* RatingView.swift in Sources */ = {isa = PBXBuildFile; fileRef = F52F321029BC46A400D202A7 /* RatingView.swift */; };
		F52F321329BC4B5900D202A7 /* HistoryView.swift in Sources */ = {isa = PBXBuildFile; fileRef = F52F321229BC4B5900D202A7 /* HistoryView.swift */; };
		F52F321529BC5EC500D202A7 /* SuccessView.swift in Sources */ = {isa = PBXBuildFile; fileRef = F52F321429BC5EC500D202A7 /* SuccessView.swift */; };
		F5B5ADB429C187BD00AE6605 /* CircularSliderView.swift in Sources */ = {isa = PBXBuildFile; fileRef = F5B5ADB329C187BD00AE6605 /* CircularSliderView.swift */; };
		F5CDE6A729BF522E00532FF9 /* Exercise.swift in Sources */ = {isa = PBXBuildFile; fileRef = F5CDE6A629BF522E00532FF9 /* Exercise.swift */; };
		F5CDE6AA29BF586300532FF9 /* HistoryStore.swift in Sources */ = {isa = PBXBuildFile; fileRef = F5CDE6A929BF586300532FF9 /* HistoryStore.swift */; };
		F5F3C0ED29BF6408001314CF /* HistoryStoreDevData.swift in Sources */ = {isa = PBXBuildFile; fileRef = F5F3C0EC29BF6408001314CF /* HistoryStoreDevData.swift */; };
		F5F3C0F129C0AD5D001314CF /* TimerView.swift in Sources */ = {isa = PBXBuildFile; fileRef = F5F3C0F029C0AD5D001314CF /* TimerView.swift */; };
/* End PBXBuildFile section */

/* Begin PBXFileReference section */
		F52F31EB29BB3D4200D202A7 /* HIITFit.app */ = {isa = PBXFileReference; explicitFileType = wrapper.application; includeInIndex = 0; path = HIITFit.app; sourceTree = BUILT_PRODUCTS_DIR; };
		F52F31EE29BB3D4200D202A7 /* HIITFitApp.swift */ = {isa = PBXFileReference; lastKnownFileType = sourcecode.swift; path = HIITFitApp.swift; sourceTree = "<group>"; };
		F52F31F029BB3D4200D202A7 /* ContentView.swift */ = {isa = PBXFileReference; lastKnownFileType = sourcecode.swift; path = ContentView.swift; sourceTree = "<group>"; };
		F52F31F229BB3D4300D202A7 /* Assets.xcassets */ = {isa = PBXFileReference; lastKnownFileType = folder.assetcatalog; path = Assets.xcassets; sourceTree = "<group>"; };
		F52F31F529BB3D4300D202A7 /* Preview Assets.xcassets */ = {isa = PBXFileReference; lastKnownFileType = folder.assetcatalog; path = "Preview Assets.xcassets"; sourceTree = "<group>"; };
		F52F31FC29BC265C00D202A7 /* WelcomeView.swift */ = {isa = PBXFileReference; lastKnownFileType = sourcecode.swift; path = WelcomeView.swift; sourceTree = "<group>"; };
		F52F31FE29BC267300D202A7 /* ExerciseView.swift */ = {isa = PBXFileReference; lastKnownFileType = sourcecode.swift; path = ExerciseView.swift; sourceTree = "<group>"; };
		F52F320029BC26A800D202A7 /* DateExtension.swift */ = {isa = PBXFileReference; fileEncoding = 4; lastKnownFileType = sourcecode.swift; path = DateExtension.swift; sourceTree = "<group>"; };
		F52F320229BC26B700D202A7 /* ImageExtension.swift */ = {isa = PBXFileReference; fileEncoding = 4; lastKnownFileType = sourcecode.swift; path = ImageExtension.swift; sourceTree = "<group>"; };
		F52F320629BC284800D202A7 /* sun-salute.mp4 */ = {isa = PBXFileReference; lastKnownFileType = file; path = "sun-salute.mp4"; sourceTree = "<group>"; };
		F52F320729BC284800D202A7 /* squat.mp4 */ = {isa = PBXFileReference; lastKnownFileType = file; path = squat.mp4; sourceTree = "<group>"; };
		F52F320829BC284800D202A7 /* step-up.mp4 */ = {isa = PBXFileReference; lastKnownFileType = file; path = "step-up.mp4"; sourceTree = "<group>"; };
		F52F320929BC284900D202A7 /* burpee.mp4 */ = {isa = PBXFileReference; lastKnownFileType = file; path = burpee.mp4; sourceTree = "<group>"; };
		F52F320E29BC363800D202A7 /* HeaderView.swift */ = {isa = PBXFileReference; lastKnownFileType = sourcecode.swift; path = HeaderView.swift; sourceTree = "<group>"; };
		F52F321029BC46A400D202A7 /* RatingView.swift */ = {isa = PBXFileReference; lastKnownFileType = sourcecode.swift; path = RatingView.swift; sourceTree = "<group>"; };
		F52F321229BC4B5900D202A7 /* HistoryView.swift */ = {isa = PBXFileReference; lastKnownFileType = sourcecode.swift; path = HistoryView.swift; sourceTree = "<group>"; };
		F52F321429BC5EC500D202A7 /* SuccessView.swift */ = {isa = PBXFileReference; lastKnownFileType = sourcecode.swift; path = SuccessView.swift; sourceTree = "<group>"; };
		F5B5ADB329C187BD00AE6605 /* CircularSliderView.swift */ = {isa = PBXFileReference; lastKnownFileType = sourcecode.swift; path = CircularSliderView.swift; sourceTree = "<group>"; };
		F5CDE6A629BF522E00532FF9 /* Exercise.swift */ = {isa = PBXFileReference; lastKnownFileType = sourcecode.swift; path = Exercise.swift; sourceTree = "<group>"; };
		F5CDE6A929BF586300532FF9 /* HistoryStore.swift */ = {isa = PBXFileReference; lastKnownFileType = sourcecode.swift; path = HistoryStore.swift; sourceTree = "<group>"; };
		F5F3C0EC29BF6408001314CF /* HistoryStoreDevData.swift */ = {isa = PBXFileReference; lastKnownFileType = sourcecode.swift; path = HistoryStoreDevData.swift; sourceTree = "<group>"; };
		F5F3C0F029C0AD5D001314CF /* TimerView.swift */ = {isa = PBXFileReference; lastKnownFileType = sourcecode.swift; path = TimerView.swift; sourceTree = "<group>"; };
/* End PBXFileReference section */

/* Begin PBXFrameworksBuildPhase section */
		F52F31E829BB3D4200D202A7 /* Frameworks */ = {
			isa = PBXFrameworksBuildPhase;
			buildActionMask = 2147483647;
			files = (
			);
			runOnlyForDeploymentPostprocessing = 0;
		};
/* End PBXFrameworksBuildPhase section */

/* Begin PBXGroup section */
		F52F31E229BB3D4200D202A7 = {
			isa = PBXGroup;
			children = (
				F52F31ED29BB3D4200D202A7 /* HIITFit */,
				F52F31EC29BB3D4200D202A7 /* Products */,
			);
			sourceTree = "<group>";
		};
		F52F31EC29BB3D4200D202A7 /* Products */ = {
			isa = PBXGroup;
			children = (
				F52F31EB29BB3D4200D202A7 /* HIITFit.app */,
			);
			name = Products;
			sourceTree = "<group>";
		};
		F52F31ED29BB3D4200D202A7 /* HIITFit */ = {
			isa = PBXGroup;
			children = (
				F52F31EE29BB3D4200D202A7 /* HIITFitApp.swift */,
				F52F320429BC272D00D202A7 /* Views */,
				F5CDE6A829BF583F00532FF9 /* Model */,
				F52F320029BC26A800D202A7 /* DateExtension.swift */,
				F52F320229BC26B700D202A7 /* ImageExtension.swift */,
				F52F320529BC282200D202A7 /* Videos */,
				F52F31F229BB3D4300D202A7 /* Assets.xcassets */,
				F52F31F429BB3D4300D202A7 /* Preview Content */,
			);
			path = HIITFit;
			sourceTree = "<group>";
		};
		F52F31F429BB3D4300D202A7 /* Preview Content */ = {
			isa = PBXGroup;
			children = (
				F52F31F529BB3D4300D202A7 /* Preview Assets.xcassets */,
				F5F3C0EC29BF6408001314CF /* HistoryStoreDevData.swift */,
			);
			path = "Preview Content";
			sourceTree = "<group>";
		};
		F52F320429BC272D00D202A7 /* Views */ = {
			isa = PBXGroup;
			children = (
				F52F31F029BB3D4200D202A7 /* ContentView.swift */,
				F52F321229BC4B5900D202A7 /* HistoryView.swift */,
				F52F31FC29BC265C00D202A7 /* WelcomeView.swift */,
				F52F321429BC5EC500D202A7 /* SuccessView.swift */,
				F5B5ADB329C187BD00AE6605 /* CircularSliderView.swift */,
				F52F31FE29BC267300D202A7 /* ExerciseView.swift */,
				F5F3C0F029C0AD5D001314CF /* TimerView.swift */,
				F52F321029BC46A400D202A7 /* RatingView.swift */,
				F52F320E29BC363800D202A7 /* HeaderView.swift */,
			);
			path = Views;
			sourceTree = "<group>";
		};
		F52F320529BC282200D202A7 /* Videos */ = {
			isa = PBXGroup;
			children = (
				F52F320929BC284900D202A7 /* burpee.mp4 */,
				F52F320729BC284800D202A7 /* squat.mp4 */,
				F52F320829BC284800D202A7 /* step-up.mp4 */,
				F52F320629BC284800D202A7 /* sun-salute.mp4 */,
			);
			path = Videos;
			sourceTree = "<group>";
		};
		F5CDE6A829BF583F00532FF9 /* Model */ = {
			isa = PBXGroup;
			children = (
				F5CDE6A629BF522E00532FF9 /* Exercise.swift */,
				F5CDE6A929BF586300532FF9 /* HistoryStore.swift */,
			);
			path = Model;
			sourceTree = "<group>";
		};
/* End PBXGroup section */

/* Begin PBXNativeTarget section */
		F52F31EA29BB3D4200D202A7 /* HIITFit */ = {
			isa = PBXNativeTarget;
			buildConfigurationList = F52F31F929BB3D4300D202A7 /* Build configuration list for PBXNativeTarget "HIITFit" */;
			buildPhases = (
				F52F31E729BB3D4200D202A7 /* Sources */,
				F52F31E829BB3D4200D202A7 /* Frameworks */,
				F52F31E929BB3D4200D202A7 /* Resources */,
			);
			buildRules = (
			);
			dependencies = (
			);
			name = HIITFit;
			productName = HIITFit;
			productReference = F52F31EB29BB3D4200D202A7 /* HIITFit.app */;
			productType = "com.apple.product-type.application";
		};
/* End PBXNativeTarget section */

/* Begin PBXProject section */
		F52F31E329BB3D4200D202A7 /* Project object */ = {
			isa = PBXProject;
			attributes = {
				BuildIndependentTargetsInParallel = 1;
				LastSwiftUpdateCheck = 1420;
				LastUpgradeCheck = 1420;
				TargetAttributes = {
					F52F31EA29BB3D4200D202A7 = {
						CreatedOnToolsVersion = 14.2;
					};
				};
			};
			buildConfigurationList = F52F31E629BB3D4200D202A7 /* Build configuration list for PBXProject "HIITFit" */;
			compatibilityVersion = "Xcode 14.0";
			developmentRegion = en;
			hasScannedForEncodings = 0;
			knownRegions = (
				en,
				Base,
			);
			mainGroup = F52F31E229BB3D4200D202A7;
			productRefGroup = F52F31EC29BB3D4200D202A7 /* Products */;
			projectDirPath = "";
			projectRoot = "";
			targets = (
				F52F31EA29BB3D4200D202A7 /* HIITFit */,
			);
		};
/* End PBXProject section */

/* Begin PBXResourcesBuildPhase section */
		F52F31E929BB3D4200D202A7 /* Resources */ = {
			isa = PBXResourcesBuildPhase;
			buildActionMask = 2147483647;
			files = (
				F52F320C29BC284900D202A7 /* step-up.mp4 in Resources */,
				F52F31F629BB3D4300D202A7 /* Preview Assets.xcassets in Resources */,
				F52F320D29BC284900D202A7 /* burpee.mp4 in Resources */,
				F52F320A29BC284900D202A7 /* sun-salute.mp4 in Resources */,
				F52F320B29BC284900D202A7 /* squat.mp4 in Resources */,
				F52F31F329BB3D4300D202A7 /* Assets.xcassets in Resources */,
			);
			runOnlyForDeploymentPostprocessing = 0;
		};
/* End PBXResourcesBuildPhase section */

/* Begin PBXSourcesBuildPhase section */
		F52F31E729BB3D4200D202A7 /* Sources */ = {
			isa = PBXSourcesBuildPhase;
			buildActionMask = 2147483647;
			files = (
				F5B5ADB429C187BD00AE6605 /* CircularSliderView.swift in Sources */,
				F5F3C0F129C0AD5D001314CF /* TimerView.swift in Sources */,
				F52F31FF29BC267300D202A7 /* ExerciseView.swift in Sources */,
				F52F320329BC26B700D202A7 /* ImageExtension.swift in Sources */,
				F52F321529BC5EC500D202A7 /* SuccessView.swift in Sources */,
				F52F320129BC26A800D202A7 /* DateExtension.swift in Sources */,
				F5CDE6AA29BF586300532FF9 /* HistoryStore.swift in Sources */,
				F5F3C0ED29BF6408001314CF /* HistoryStoreDevData.swift in Sources */,
				F52F321129BC46A400D202A7 /* RatingView.swift in Sources */,
				F52F31F129BB3D4200D202A7 /* ContentView.swift in Sources */,
				F5CDE6A729BF522E00532FF9 /* Exercise.swift in Sources */,
				F52F31FD29BC265C00D202A7 /* WelcomeView.swift in Sources */,
				F52F31EF29BB3D4200D202A7 /* HIITFitApp.swift in Sources */,
				F52F321329BC4B5900D202A7 /* HistoryView.swift in Sources */,
				F52F320F29BC363800D202A7 /* HeaderView.swift in Sources */,
			);
			runOnlyForDeploymentPostprocessing = 0;
		};
/* End PBXSourcesBuildPhase section */

/* Begin XCBuildConfiguration section */
		F52F31F729BB3D4300D202A7 /* Debug */ = {
			isa = XCBuildConfiguration;
			buildSettings = {
				ALWAYS_SEARCH_USER_PATHS = NO;
				CLANG_ANALYZER_NONNULL = YES;
				CLANG_ANALYZER_NUMBER_OBJECT_CONVERSION = YES_AGGRESSIVE;
				CLANG_CXX_LANGUAGE_STANDARD = "gnu++20";
				CLANG_ENABLE_MODULES = YES;
				CLANG_ENABLE_OBJC_ARC = YES;
				CLANG_ENABLE_OBJC_WEAK = YES;
				CLANG_WARN_BLOCK_CAPTURE_AUTORELEASING = YES;
				CLANG_WARN_BOOL_CONVERSION = YES;
				CLANG_WARN_COMMA = YES;
				CLANG_WARN_CONSTANT_CONVERSION = YES;
				CLANG_WARN_DEPRECATED_OBJC_IMPLEMENTATIONS = YES;
				CLANG_WARN_DIRECT_OBJC_ISA_USAGE = YES_ERROR;
				CLANG_WARN_DOCUMENTATION_COMMENTS = YES;
				CLANG_WARN_EMPTY_BODY = YES;
				CLANG_WARN_ENUM_CONVERSION = YES;
				CLANG_WARN_INFINITE_RECURSION = YES;
				CLANG_WARN_INT_CONVERSION = YES;
				CLANG_WARN_NON_LITERAL_NULL_CONVERSION = YES;
				CLANG_WARN_OBJC_IMPLICIT_RETAIN_SELF = YES;
				CLANG_WARN_OBJC_LITERAL_CONVERSION = YES;
				CLANG_WARN_OBJC_ROOT_CLASS = YES_ERROR;
				CLANG_WARN_QUOTED_INCLUDE_IN_FRAMEWORK_HEADER = YES;
				CLANG_WARN_RANGE_LOOP_ANALYSIS = YES;
				CLANG_WARN_STRICT_PROTOTYPES = YES;
				CLANG_WARN_SUSPICIOUS_MOVE = YES;
				CLANG_WARN_UNGUARDED_AVAILABILITY = YES_AGGRESSIVE;
				CLANG_WARN_UNREACHABLE_CODE = YES;
				CLANG_WARN__DUPLICATE_METHOD_MATCH = YES;
				COPY_PHASE_STRIP = NO;
				DEBUG_INFORMATION_FORMAT = dwarf;
				ENABLE_STRICT_OBJC_MSGSEND = YES;
				ENABLE_TESTABILITY = YES;
				GCC_C_LANGUAGE_STANDARD = gnu11;
				GCC_DYNAMIC_NO_PIC = NO;
				GCC_NO_COMMON_BLOCKS = YES;
				GCC_OPTIMIZATION_LEVEL = 0;
				GCC_PREPROCESSOR_DEFINITIONS = (
					"DEBUG=1",
					"$(inherited)",
				);
				GCC_WARN_64_TO_32_BIT_CONVERSION = YES;
				GCC_WARN_ABOUT_RETURN_TYPE = YES_ERROR;
				GCC_WARN_UNDECLARED_SELECTOR = YES;
				GCC_WARN_UNINITIALIZED_AUTOS = YES_AGGRESSIVE;
				GCC_WARN_UNUSED_FUNCTION = YES;
				GCC_WARN_UNUSED_VARIABLE = YES;
				IPHONEOS_DEPLOYMENT_TARGET = 16.2;
				MTL_ENABLE_DEBUG_INFO = INCLUDE_SOURCE;
				MTL_FAST_MATH = YES;
				ONLY_ACTIVE_ARCH = YES;
				SDKROOT = iphoneos;
				SWIFT_ACTIVE_COMPILATION_CONDITIONS = DEBUG;
				SWIFT_OPTIMIZATION_LEVEL = "-Onone";
			};
			name = Debug;
		};
		F52F31F829BB3D4300D202A7 /* Release */ = {
			isa = XCBuildConfiguration;
			buildSettings = {
				ALWAYS_SEARCH_USER_PATHS = NO;
				CLANG_ANALYZER_NONNULL = YES;
				CLANG_ANALYZER_NUMBER_OBJECT_CONVERSION = YES_AGGRESSIVE;
				CLANG_CXX_LANGUAGE_STANDARD = "gnu++20";
				CLANG_ENABLE_MODULES = YES;
				CLANG_ENABLE_OBJC_ARC = YES;
				CLANG_ENABLE_OBJC_WEAK = YES;
				CLANG_WARN_BLOCK_CAPTURE_AUTORELEASING = YES;
				CLANG_WARN_BOOL_CONVERSION = YES;
				CLANG_WARN_COMMA = YES;
				CLANG_WARN_CONSTANT_CONVERSION = YES;
				CLANG_WARN_DEPRECATED_OBJC_IMPLEMENTATIONS = YES;
				CLANG_WARN_DIRECT_OBJC_ISA_USAGE = YES_ERROR;
				CLANG_WARN_DOCUMENTATION_COMMENTS = YES;
				CLANG_WARN_EMPTY_BODY = YES;
				CLANG_WARN_ENUM_CONVERSION = YES;
				CLANG_WARN_INFINITE_RECURSION = YES;
				CLANG_WARN_INT_CONVERSION = YES;
				CLANG_WARN_NON_LITERAL_NULL_CONVERSION = YES;
				CLANG_WARN_OBJC_IMPLICIT_RETAIN_SELF = YES;
				CLANG_WARN_OBJC_LITERAL_CONVERSION = YES;
				CLANG_WARN_OBJC_ROOT_CLASS = YES_ERROR;
				CLANG_WARN_QUOTED_INCLUDE_IN_FRAMEWORK_HEADER = YES;
				CLANG_WARN_RANGE_LOOP_ANALYSIS = YES;
				CLANG_WARN_STRICT_PROTOTYPES = YES;
				CLANG_WARN_SUSPICIOUS_MOVE = YES;
				CLANG_WARN_UNGUARDED_AVAILABILITY = YES_AGGRESSIVE;
				CLANG_WARN_UNREACHABLE_CODE = YES;
				CLANG_WARN__DUPLICATE_METHOD_MATCH = YES;
				COPY_PHASE_STRIP = NO;
				DEBUG_INFORMATION_FORMAT = "dwarf-with-dsym";
				ENABLE_NS_ASSERTIONS = NO;
				ENABLE_STRICT_OBJC_MSGSEND = YES;
				GCC_C_LANGUAGE_STANDARD = gnu11;
				GCC_NO_COMMON_BLOCKS = YES;
				GCC_WARN_64_TO_32_BIT_CONVERSION = YES;
				GCC_WARN_ABOUT_RETURN_TYPE = YES_ERROR;
				GCC_WARN_UNDECLARED_SELECTOR = YES;
				GCC_WARN_UNINITIALIZED_AUTOS = YES_AGGRESSIVE;
				GCC_WARN_UNUSED_FUNCTION = YES;
				GCC_WARN_UNUSED_VARIABLE = YES;
				IPHONEOS_DEPLOYMENT_TARGET = 16.2;
				MTL_ENABLE_DEBUG_INFO = NO;
				MTL_FAST_MATH = YES;
				SDKROOT = iphoneos;
				SWIFT_COMPILATION_MODE = wholemodule;
				SWIFT_OPTIMIZATION_LEVEL = "-O";
				VALIDATE_PRODUCT = YES;
			};
			name = Release;
		};
		F52F31FA29BB3D4300D202A7 /* Debug */ = {
			isa = XCBuildConfiguration;
			buildSettings = {
				ASSETCATALOG_COMPILER_APPICON_NAME = AppIcon;
				ASSETCATALOG_COMPILER_GLOBAL_ACCENT_COLOR_NAME = AccentColor;
				CODE_SIGN_STYLE = Automatic;
				CURRENT_PROJECT_VERSION = 1;
				DEVELOPMENT_ASSET_PATHS = "\"HIITFit/Preview Content\"";
				DEVELOPMENT_TEAM = MYH8MWGJ33;
				ENABLE_PREVIEWS = YES;
				GENERATE_INFOPLIST_FILE = YES;
				INFOPLIST_KEY_UIApplicationSceneManifest_Generation = YES;
				INFOPLIST_KEY_UIApplicationSupportsIndirectInputEvents = YES;
				INFOPLIST_KEY_UILaunchScreen_Generation = YES;
				INFOPLIST_KEY_UISupportedInterfaceOrientations_iPad = "UIInterfaceOrientationPortrait UIInterfaceOrientationPortraitUpsideDown UIInterfaceOrientationLandscapeLeft UIInterfaceOrientationLandscapeRight";
				INFOPLIST_KEY_UISupportedInterfaceOrientations_iPhone = "UIInterfaceOrientationPortrait UIInterfaceOrientationLandscapeLeft UIInterfaceOrientationLandscapeRight";
				LD_RUNPATH_SEARCH_PATHS = (
					"$(inherited)",
					"@executable_path/Frameworks",
				);
				MARKETING_VERSION = 1.0;
				PRODUCT_BUNDLE_IDENTIFIER = com.rnake.www.HIITFit;
				PRODUCT_NAME = "$(TARGET_NAME)";
				SWIFT_EMIT_LOC_STRINGS = YES;
				SWIFT_VERSION = 5.0;
				TARGETED_DEVICE_FAMILY = "1,2";
			};
			name = Debug;
		};
		F52F31FB29BB3D4300D202A7 /* Release */ = {
			isa = XCBuildConfiguration;
			buildSettings = {
				ASSETCATALOG_COMPILER_APPICON_NAME = AppIcon;
				ASSETCATALOG_COMPILER_GLOBAL_ACCENT_COLOR_NAME = AccentColor;
				CODE_SIGN_STYLE = Automatic;
				CURRENT_PROJECT_VERSION = 1;
				DEVELOPMENT_ASSET_PATHS = "\"HIITFit/Preview Content\"";
				DEVELOPMENT_TEAM = MYH8MWGJ33;
				ENABLE_PREVIEWS = YES;
				GENERATE_INFOPLIST_FILE = YES;
				INFOPLIST_KEY_UIApplicationSceneManifest_Generation = YES;
				INFOPLIST_KEY_UIApplicationSupportsIndirectInputEvents = YES;
				INFOPLIST_KEY_UILaunchScreen_Generation = YES;
				INFOPLIST_KEY_UISupportedInterfaceOrientations_iPad = "UIInterfaceOrientationPortrait UIInterfaceOrientationPortraitUpsideDown UIInterfaceOrientationLandscapeLeft UIInterfaceOrientationLandscapeRight";
				INFOPLIST_KEY_UISupportedInterfaceOrientations_iPhone = "UIInterfaceOrientationPortrait UIInterfaceOrientationLandscapeLeft UIInterfaceOrientationLandscapeRight";
				LD_RUNPATH_SEARCH_PATHS = (
					"$(inherited)",
					"@executable_path/Frameworks",
				);
				MARKETING_VERSION = 1.0;
				PRODUCT_BUNDLE_IDENTIFIER = com.rnake.www.HIITFit;
				PRODUCT_NAME = "$(TARGET_NAME)";
				SWIFT_EMIT_LOC_STRINGS = YES;
				SWIFT_VERSION = 5.0;
				TARGETED_DEVICE_FAMILY = "1,2";
			};
			name = Release;
		};
/* End XCBuildConfiguration section */

/* Begin XCConfigurationList section */
		F52F31E629BB3D4200D202A7 /* Build configuration list for PBXProject "HIITFit" */ = {
			isa = XCConfigurationList;
			buildConfigurations = (
				F52F31F729BB3D4300D202A7 /* Debug */,
				F52F31F829BB3D4300D202A7 /* Release */,
			);
			defaultConfigurationIsVisible = 0;
			defaultConfigurationName = Release;
		};
		F52F31F929BB3D4300D202A7 /* Build configuration list for PBXNativeTarget "HIITFit" */ = {
			isa = XCConfigurationList;
			buildConfigurations = (
				F52F31FA29BB3D4300D202A7 /* Debug */,
				F52F31FB29BB3D4300D202A7 /* Release */,
			);
			defaultConfigurationIsVisible = 0;
			defaultConfigurationName = Release;
		};
/* End XCConfigurationList section */
	};
	rootObject = F52F31E329BB3D4200D202A7 /* Project object */;
}
